
Microsoft Visual Studio Solution File, Format Version 12.00
# Visual Studio 15
VisualStudioVersion = 15.0.27130.2020
MinimumVisualStudioVersion = 10.0.40219.1
Project("{FAE04EC0-301F-11D3-BF4B-00C04F79EFBC}") = "RealBazzar.web", "RealBazzar.web\RealBazzar.web.csproj", "{FFCC7B0A-2E53-4D68-81A0-4732136BF135}"
EndProject
Project("{FAE04EC0-301F-11D3-BF4B-00C04F79EFBC}") = "RealBazzar.Entities", "RealBazzar.Entities\RealBazzar.Entities.csproj", "{0BC61C9F-B7A1-4662-BF12-52F36400F1B0}"
EndProject
Project("{FAE04EC0-301F-11D3-BF4B-00C04F79EFBC}") = "RealBazzar.Database", "RealBazzar.Database\RealBazzar.Database.csproj", "{BDB8F68C-0BA8-4D15-AC4B-4B4C26E9D08C}"
EndProject
Project("{FAE04EC0-301F-11D3-BF4B-00C04F79EFBC}") = "RealBazzar.services", "RealBazzar.services\RealBazzar.services.csproj", "{21FDDFCF-770E-448A-B3F1-FA13EE49D6F8}"
EndProject
Global
	GlobalSection(SolutionConfigurationPlatforms) = preSolution
		Debug|Any CPU = Debug|Any CPU
		Release|Any CPU = Release|Any CPU
	EndGlobalSection
	GlobalSection(ProjectConfigurationPlatforms) = postSolution
		{FFCC7B0A-2E53-4D68-81A0-4732136BF135}.Debug|Any CPU.ActiveCfg = Debug|Any CPU
		{FFCC7B0A-2E53-4D68-81A0-4732136BF135}.Debug|Any CPU.Build.0 = Debug|Any CPU
		{FFCC7B0A-2E53-4D68-81A0-4732136BF135}.Release|Any CPU.ActiveCfg = Release|Any CPU
		{FFCC7B0A-2E53-4D68-81A0-4732136BF135}.Release|Any CPU.Build.0 = Release|Any CPU
		{0BC61C9F-B7A1-4662-BF12-52F36400F1B0}.Debug|Any CPU.ActiveCfg = Debug|Any CPU
		{0BC61C9F-B7A1-4662-BF12-52F36400F1B0}.Debug|Any CPU.Build.0 = Debug|Any CPU
		{0BC61C9F-B7A1-4662-BF12-52F36400F1B0}.Release|Any CPU.ActiveCfg = Release|Any CPU
		{0BC61C9F-B7A1-4662-BF12-52F36400F1B0}.Release|Any CPU.Build.0 = Release|Any CPU
		{BDB8F68C-0BA8-4D15-AC4B-4B4C26E9D08C}.Debug|Any CPU.ActiveCfg = Debug|Any CPU
		{BDB8F68C-0BA8-4D15-AC4B-4B4C26E9D08C}.Debug|Any CPU.Build.0 = Debug|Any CPU
		{BDB8F68C-0BA8-4D15-AC4B-4B4C26E9D08C}.Release|Any CPU.ActiveCfg = Release|Any CPU
		{BDB8F68C-0BA8-4D15-AC4B-4B4C26E9D08C}.Release|Any CPU.Build.0 = Release|Any CPU
		{21FDDFCF-770E-448A-B3F1-FA13EE49D6F8}.Debug|Any CPU.ActiveCfg = Debug|Any CPU
		{21FDDFCF-770E-448A-B3F1-FA13EE49D6F8}.Debug|Any CPU.Build.0 = Debug|Any CPU
		{21FDDFCF-770E-448A-B3F1-FA13EE49D6F8}.Release|Any CPU.ActiveCfg = Release|Any CPU
		{21FDDFCF-770E-448A-B3F1-FA13EE49D6F8}.Release|Any CPU.Build.0 = Release|Any CPU
	EndGlobalSection
	GlobalSection(SolutionProperties) = preSolution
		HideSolutionNode = FALSE
	EndGlobalSection
	GlobalSection(ExtensibilityGlobals) = postSolution
		SolutionGuid = {0FE8C748-DB67-407F-839F-E73F12A39085}
	EndGlobalSection
EndGlobal
